// !$*UTF8*$!
{
	archiveVersion = 1;
	classes = {
	};
	objectVersion = 77;
	objects = {

/* Begin PBXBuildFile section */
		0BB08FBA84F34173E1ED920E /* ConnectSheet.swift in Sources */ = {isa = PBXBuildFile; fileRef = 19636CD24B44E4F18D363E4F /* ConnectSheet.swift */; };
		1A5797364CE56E790249479D /* MoreViews.swift in Sources */ = {isa = PBXBuildFile; fileRef = 9586F7EB5B0BC211B0DE9F2C /* MoreViews.swift */; };
		1F115DA358FE9191957252FD /* CLIBackend.swift in Sources */ = {isa = PBXBuildFile; fileRef = EC54A6119DE865CC10C4B017 /* CLIBackend.swift */; };
		21985C663FD8DE325B7A7D58 /* Shell.swift in Sources */ = {isa = PBXBuildFile; fileRef = D55D65AAF6E17B3608F544BF /* Shell.swift */; };
		23A2D99F14A1A8565316EC63 /* Charts.swift in Sources */ = {isa = PBXBuildFile; fileRef = B446B3A20D2B1B8AE000D114 /* Charts.swift */; };
		255A80A82315606065ED3278 /* Sidecar.swift in Sources */ = {isa = PBXBuildFile; fileRef = 7B629F3CBA122DD711CBDA93 /* Sidecar.swift */; };
		357B3BD3C26AEE38F3DD175D /* PacerApp.swift in Sources */ = {isa = PBXBuildFile; fileRef = B5F346EA2345ACE80BB12DD1 /* PacerApp.swift */; };
		40CE1457F3C97104FD74BC46 /* Credentials.swift in Sources */ = {isa = PBXBuildFile; fileRef = B10A2E254416A7B3CEEFAE5C /* Credentials.swift */; };
		4851D2978BB2872A7A68A6C4 /* Models.swift in Sources */ = {isa = PBXBuildFile; fileRef = AB423B1099B0F595C21A199D /* Models.swift */; };
		491643D3D0FAC7888A067C62 /* Theme.swift in Sources */ = {isa = PBXBuildFile; fileRef = 5BAC2D7474CB3AB1BFC67CA3 /* Theme.swift */; };
		5DB7B30BBBAC17F6535CE6E7 /* CampaignsView.swift in Sources */ = {isa = PBXBuildFile; fileRef = 1FE27EBCCD5EFC1C89E88F32 /* CampaignsView.swift */; };
		6152D92270C39CB45AED8742 /* AdsBackend.swift in Sources */ = {isa = PBXBuildFile; fileRef = 47B231DC908CD76DABCD23A1 /* AdsBackend.swift */; };
		6A9EDE8C80AA45153BA7D01F /* Format.swift in Sources */ = {isa = PBXBuildFile; fileRef = 430F74984133DFCD4592F0E9 /* Format.swift */; };
		7876029898C3D98DC1F27855 /* CreateWizard.swift in Sources */ = {isa = PBXBuildFile; fileRef = 80AB6792B193AD73D83B14D8 /* CreateWizard.swift */; };
		7E264C349A78C78BF4DA8A8B /* SnapshotRunner.swift in Sources */ = {isa = PBXBuildFile; fileRef = F73D0789F95D0003624F0F96 /* SnapshotRunner.swift */; };
		7E752DE34C4EAEDE4E8BFB7C /* ReviewSheet.swift in Sources */ = {isa = PBXBuildFile; fileRef = 0CAC61E7EDCE7811F730B270 /* ReviewSheet.swift */; };
		7E7CD288ED0985D698B7A359 /* SettingsView.swift in Sources */ = {isa = PBXBuildFile; fileRef = FC1A60324843539B6B9A1900 /* SettingsView.swift */; };
		9A8F77C344F312C79E953B3E /* Components.swift in Sources */ = {isa = PBXBuildFile; fileRef = E7629788C4C91515CAC87276 /* Components.swift */; };
		9C096F496305354B0EE4C612 /* PerformanceView.swift in Sources */ = {isa = PBXBuildFile; fileRef = EB0C1C18EA9A1F95DCC7BD58 /* PerformanceView.swift */; };
		B2A0FE61A331307BBF7A5A19 /* AppIcon.icns in Resources */ = {isa = PBXBuildFile; fileRef = BD72A9673837A767F117A76A /* AppIcon.icns */; };
		D244227FE9505187F4044670 /* PlusJakartaSans-Italic.ttf in Resources */ = {isa = PBXBuildFile; fileRef = 8EDB442281CCF7C545D504C7 /* PlusJakartaSans-Italic.ttf */; };
		E218F60D0B07B4E0F709DA92 /* CampaignDrawer.swift in Sources */ = {isa = PBXBuildFile; fileRef = 7821B7BB63554666857FB760 /* CampaignDrawer.swift */; };
		E48B797A9BB25BBFB4C75EAB /* AppState.swift in Sources */ = {isa = PBXBuildFile; fileRef = F077842754AFAD3BEB49F3F5 /* AppState.swift */; };
		EE8B8700FC870F2802C3CF6A /* SampleData.swift in Sources */ = {isa = PBXBuildFile; fileRef = 8766BA707DEE7AABC16F6C67 /* SampleData.swift */; };
		F8CF48EEF48BFE041266C564 /* PlusJakartaSans.ttf in Resources */ = {isa = PBXBuildFile; fileRef = 756776E6949151B550319C86 /* PlusJakartaSans.ttf */; };
/* End PBXBuildFile section */

/* Begin PBXFileReference section */
		0CAC61E7EDCE7811F730B270 /* ReviewSheet.swift */ = {isa = PBXFileReference; lastKnownFileType = sourcecode.swift; path = ReviewSheet.swift; sourceTree = "<group>"; };
		19636CD24B44E4F18D363E4F /* ConnectSheet.swift */ = {isa = PBXFileReference; lastKnownFileType = sourcecode.swift; path = ConnectSheet.swift; sourceTree = "<group>"; };
		1FE27EBCCD5EFC1C89E88F32 /* CampaignsView.swift */ = {isa = PBXFileReference; lastKnownFileType = sourcecode.swift; path = CampaignsView.swift; sourceTree = "<group>"; };
		430F74984133DFCD4592F0E9 /* Format.swift */ = {isa = PBXFileReference; lastKnownFileType = sourcecode.swift; path = Format.swift; sourceTree = "<group>"; };
		4565B7A8FAA3E6F6B4435A92 /* Pacer.app */ = {isa = PBXFileReference; explicitFileType = wrapper.application; includeInIndex = 0; path = Pacer.app; sourceTree = BUILT_PRODUCTS_DIR; };
		47B231DC908CD76DABCD23A1 /* AdsBackend.swift */ = {isa = PBXFileReference; lastKnownFileType = sourcecode.swift; path = AdsBackend.swift; sourceTree = "<group>"; };
		5BAC2D7474CB3AB1BFC67CA3 /* Theme.swift */ = {isa = PBXFileReference; lastKnownFileType = sourcecode.swift; path = Theme.swift; sourceTree = "<group>"; };
		756776E6949151B550319C86 /* PlusJakartaSans.ttf */ = {isa = PBXFileReference; lastKnownFileType = file; path = PlusJakartaSans.ttf; sourceTree = "<group>"; };
		7821B7BB63554666857FB760 /* CampaignDrawer.swift */ = {isa = PBXFileReference; lastKnownFileType = sourcecode.swift; path = CampaignDrawer.swift; sourceTree = "<group>"; };
		7B629F3CBA122DD711CBDA93 /* Sidecar.swift */ = {isa = PBXFileReference; lastKnownFileType = sourcecode.swift; path = Sidecar.swift; sourceTree = "<group>"; };
		80AB6792B193AD73D83B14D8 /* CreateWizard.swift */ = {isa = PBXFileReference; lastKnownFileType = sourcecode.swift; path = CreateWizard.swift; sourceTree = "<group>"; };
		8766BA707DEE7AABC16F6C67 /* SampleData.swift */ = {isa = PBXFileReference; lastKnownFileType = sourcecode.swift; path = SampleData.swift; sourceTree = "<group>"; };
		8EDB442281CCF7C545D504C7 /* PlusJakartaSans-Italic.ttf */ = {isa = PBXFileReference; lastKnownFileType = file; path = "PlusJakartaSans-Italic.ttf"; sourceTree = "<group>"; };
		9586F7EB5B0BC211B0DE9F2C /* MoreViews.swift */ = {isa = PBXFileReference; lastKnownFileType = sourcecode.swift; path = MoreViews.swift; sourceTree = "<group>"; };
		AB423B1099B0F595C21A199D /* Models.swift */ = {isa = PBXFileReference; lastKnownFileType = sourcecode.swift; path = Models.swift; sourceTree = "<group>"; };
		B10A2E254416A7B3CEEFAE5C /* Credentials.swift */ = {isa = PBXFileReference; lastKnownFileType = sourcecode.swift; path = Credentials.swift; sourceTree = "<group>"; };
		B446B3A20D2B1B8AE000D114 /* Charts.swift */ = {isa = PBXFileReference; lastKnownFileType = sourcecode.swift; path = Charts.swift; sourceTree = "<group>"; };
		B5F346EA2345ACE80BB12DD1 /* PacerApp.swift */ = {isa = PBXFileReference; lastKnownFileType = sourcecode.swift; path = PacerApp.swift; sourceTree = "<group>"; };
		BD72A9673837A767F117A76A /* AppIcon.icns */ = {isa = PBXFileReference; lastKnownFileType = image.icns; path = AppIcon.icns; sourceTree = "<group>"; };
		D55D65AAF6E17B3608F544BF /* Shell.swift */ = {isa = PBXFileReference; lastKnownFileType = sourcecode.swift; path = Shell.swift; sourceTree = "<group>"; };
		E7629788C4C91515CAC87276 /* Components.swift */ = {isa = PBXFileReference; lastKnownFileType = sourcecode.swift; path = Components.swift; sourceTree = "<group>"; };
		EB0C1C18EA9A1F95DCC7BD58 /* PerformanceView.swift */ = {isa = PBXFileReference; lastKnownFileType = sourcecode.swift; path = PerformanceView.swift; sourceTree = "<group>"; };
		EC54A6119DE865CC10C4B017 /* CLIBackend.swift */ = {isa = PBXFileReference; lastKnownFileType = sourcecode.swift; path = CLIBackend.swift; sourceTree = "<group>"; };
		F077842754AFAD3BEB49F3F5 /* AppState.swift */ = {isa = PBXFileReference; lastKnownFileType = sourcecode.swift; path = AppState.swift; sourceTree = "<group>"; };
		F73D0789F95D0003624F0F96 /* SnapshotRunner.swift */ = {isa = PBXFileReference; lastKnownFileType = sourcecode.swift; path = SnapshotRunner.swift; sourceTree = "<group>"; };
		FC1A60324843539B6B9A1900 /* SettingsView.swift */ = {isa = PBXFileReference; lastKnownFileType = sourcecode.swift; path = SettingsView.swift; sourceTree = "<group>"; };
/* End PBXFileReference section */

/* Begin PBXGroup section */
		3883FFF3E8BCF9297E7FF197 /* Sources */ = {
			isa = PBXGroup;
			children = (
				F077842754AFAD3BEB49F3F5 /* AppState.swift */,
				430F74984133DFCD4592F0E9 /* Format.swift */,
				AB423B1099B0F595C21A199D /* Models.swift */,
				B5F346EA2345ACE80BB12DD1 /* PacerApp.swift */,
				8766BA707DEE7AABC16F6C67 /* SampleData.swift */,
				F73D0789F95D0003624F0F96 /* SnapshotRunner.swift */,
				5BAC2D7474CB3AB1BFC67CA3 /* Theme.swift */,
				99C2F4D7FBA690F786B261F9 /* Backend */,
				445E743B8719FFEE690FD2CB /* Charts */,
				B915937FD3654E564E47689F /* Resources */,
				9538C415CE2341B9B6F23398 /* Views */,
			);
			path = Sources;
			sourceTree = "<group>";
		};
		40A37EB1537B22DB5688917A /* Fonts */ = {
			isa = PBXGroup;
			children = (
				8EDB442281CCF7C545D504C7 /* PlusJakartaSans-Italic.ttf */,
				756776E6949151B550319C86 /* PlusJakartaSans.ttf */,
			);
			path = Fonts;
			sourceTree = "<group>";
		};
		445E743B8719FFEE690FD2CB /* Charts */ = {
			isa = PBXGroup;
			children = (
				B446B3A20D2B1B8AE000D114 /* Charts.swift */,
			);
			path = Charts;
			sourceTree = "<group>";
		};
		4A53F1A117C601765DCF5752 /* Products */ = {
			isa = PBXGroup;
			children = (
				4565B7A8FAA3E6F6B4435A92 /* Pacer.app */,
			);
			name = Products;
			sourceTree = "<group>";
		};
		9538C415CE2341B9B6F23398 /* Views */ = {
			isa = PBXGroup;
			children = (
				7821B7BB63554666857FB760 /* CampaignDrawer.swift */,
				1FE27EBCCD5EFC1C89E88F32 /* CampaignsView.swift */,
				E7629788C4C91515CAC87276 /* Components.swift */,
				19636CD24B44E4F18D363E4F /* ConnectSheet.swift */,
				80AB6792B193AD73D83B14D8 /* CreateWizard.swift */,
				9586F7EB5B0BC211B0DE9F2C /* MoreViews.swift */,
				EB0C1C18EA9A1F95DCC7BD58 /* PerformanceView.swift */,
				0CAC61E7EDCE7811F730B270 /* ReviewSheet.swift */,
				FC1A60324843539B6B9A1900 /* SettingsView.swift */,
				D55D65AAF6E17B3608F544BF /* Shell.swift */,
			);
			path = Views;
			sourceTree = "<group>";
		};
		99C2F4D7FBA690F786B261F9 /* Backend */ = {
			isa = PBXGroup;
			children = (
				47B231DC908CD76DABCD23A1 /* AdsBackend.swift */,
				EC54A6119DE865CC10C4B017 /* CLIBackend.swift */,
				B10A2E254416A7B3CEEFAE5C /* Credentials.swift */,
				7B629F3CBA122DD711CBDA93 /* Sidecar.swift */,
			);
			path = Backend;
			sourceTree = "<group>";
		};
		A230E3153C5980BBB187FBC1 = {
			isa = PBXGroup;
			children = (
				3883FFF3E8BCF9297E7FF197 /* Sources */,
				4A53F1A117C601765DCF5752 /* Products */,
			);
			sourceTree = "<group>";
		};
		B915937FD3654E564E47689F /* Resources */ = {
			isa = PBXGroup;
			children = (
				BD72A9673837A767F117A76A /* AppIcon.icns */,
				40A37EB1537B22DB5688917A /* Fonts */,
			);
			path = Resources;
			sourceTree = "<group>";
		};
/* End PBXGroup section */

/* Begin PBXNativeTarget section */
		952AA9A5F61CE7688446FB99 /* Pacer */ = {
			isa = PBXNativeTarget;
			buildConfigurationList = 6BAE7DFA1532C6A3B4C43F70 /* Build configuration list for PBXNativeTarget "Pacer" */;
			buildPhases = (
				07E05F58888775EC491BA009 /* Sources */,
				FE5AEBDB08E40B53C793F9BD /* Resources */,
			);
			buildRules = (
			);
			dependencies = (
			);
			name = Pacer;
			packageProductDependencies = (
			);
			productName = Pacer;
			productReference = 4565B7A8FAA3E6F6B4435A92 /* Pacer.app */;
			productType = "com.apple.product-type.application";
		};
/* End PBXNativeTarget section */

/* Begin PBXProject section */
		C211CC62D2393FF89492D409 /* Project object */ = {
			isa = PBXProject;
			attributes = {
				BuildIndependentTargetsInParallel = YES;
				LastUpgradeCheck = 1430;
				TargetAttributes = {
				};
			};
			buildConfigurationList = C45C674E93CF23805FE6AB10 /* Build configuration list for PBXProject "Pacer" */;
			developmentRegion = en;
			hasScannedForEncodings = 0;
			knownRegions = (
				Base,
				en,
			);
			mainGroup = A230E3153C5980BBB187FBC1;
			minimizedProjectReferenceProxies = 1;
			preferredProjectObjectVersion = 77;
			productRefGroup = 4A53F1A117C601765DCF5752 /* Products */;
			projectDirPath = "";
			projectRoot = "";
			targets = (
				952AA9A5F61CE7688446FB99 /* Pacer */,
			);
		};
/* End PBXProject section */

/* Begin PBXResourcesBuildPhase section */
		FE5AEBDB08E40B53C793F9BD /* Resources */ = {
			isa = PBXResourcesBuildPhase;
			buildActionMask = 2147483647;
			files = (
				B2A0FE61A331307BBF7A5A19 /* AppIcon.icns in Resources */,
				D244227FE9505187F4044670 /* PlusJakartaSans-Italic.ttf in Resources */,
				F8CF48EEF48BFE041266C564 /* PlusJakartaSans.ttf in Resources */,
			);
			runOnlyForDeploymentPostprocessing = 0;
		};
/* End PBXResourcesBuildPhase section */

/* Begin PBXSourcesBuildPhase section */
		07E05F58888775EC491BA009 /* Sources */ = {
			isa = PBXSourcesBuildPhase;
			buildActionMask = 2147483647;
			files = (
				6152D92270C39CB45AED8742 /* AdsBackend.swift in Sources */,
				E48B797A9BB25BBFB4C75EAB /* AppState.swift in Sources */,
				1F115DA358FE9191957252FD /* CLIBackend.swift in Sources */,
				E218F60D0B07B4E0F709DA92 /* CampaignDrawer.swift in Sources */,
				5DB7B30BBBAC17F6535CE6E7 /* CampaignsView.swift in Sources */,
				23A2D99F14A1A8565316EC63 /* Charts.swift in Sources */,
				9A8F77C344F312C79E953B3E /* Components.swift in Sources */,
				0BB08FBA84F34173E1ED920E /* ConnectSheet.swift in Sources */,
				7876029898C3D98DC1F27855 /* CreateWizard.swift in Sources */,
				40CE1457F3C97104FD74BC46 /* Credentials.swift in Sources */,
				6A9EDE8C80AA45153BA7D01F /* Format.swift in Sources */,
				4851D2978BB2872A7A68A6C4 /* Models.swift in Sources */,
				1A5797364CE56E790249479D /* MoreViews.swift in Sources */,
				357B3BD3C26AEE38F3DD175D /* PacerApp.swift in Sources */,
				9C096F496305354B0EE4C612 /* PerformanceView.swift in Sources */,
				7E752DE34C4EAEDE4E8BFB7C /* ReviewSheet.swift in Sources */,
				EE8B8700FC870F2802C3CF6A /* SampleData.swift in Sources */,
				7E7CD288ED0985D698B7A359 /* SettingsView.swift in Sources */,
				21985C663FD8DE325B7A7D58 /* Shell.swift in Sources */,
				255A80A82315606065ED3278 /* Sidecar.swift in Sources */,
				7E264C349A78C78BF4DA8A8B /* SnapshotRunner.swift in Sources */,
				491643D3D0FAC7888A067C62 /* Theme.swift in Sources */,
			);
			runOnlyForDeploymentPostprocessing = 0;
		};
/* End PBXSourcesBuildPhase section */

/* Begin XCBuildConfiguration section */
		05067CE45051D19D02D3BCBF /* Release */ = {
			isa = XCBuildConfiguration;
			buildSettings = {
				ALWAYS_SEARCH_USER_PATHS = NO;
				CLANG_ANALYZER_NONNULL = YES;
				CLANG_ANALYZER_NUMBER_OBJECT_CONVERSION = YES_AGGRESSIVE;
				CLANG_CXX_LANGUAGE_STANDARD = "gnu++14";
				CLANG_CXX_LIBRARY = "libc++";
				CLANG_ENABLE_MODULES = YES;
				CLANG_ENABLE_OBJC_ARC = YES;
				CLANG_ENABLE_OBJC_WEAK = YES;
				CLANG_WARN_BLOCK_CAPTURE_AUTORELEASING = YES;
				CLANG_WARN_BOOL_CONVERSION = YES;
				CLANG_WARN_COMMA = YES;
				CLANG_WARN_CONSTANT_CONVERSION = YES;
				CLANG_WARN_DEPRECATED_OBJC_IMPLEMENTATIONS = YES;
				CLANG_WARN_DIRECT_OBJC_ISA_USAGE = YES_ERROR;
				CLANG_WARN_DOCUMENTATION_COMMENTS = YES;
				CLANG_WARN_EMPTY_BODY = YES;
				CLANG_WARN_ENUM_CONVERSION = YES;
				CLANG_WARN_INFINITE_RECURSION = YES;
				CLANG_WARN_INT_CONVERSION = YES;
				CLANG_WARN_NON_LITERAL_NULL_CONVERSION = YES;
				CLANG_WARN_OBJC_IMPLICIT_RETAIN_SELF = YES;
				CLANG_WARN_OBJC_LITERAL_CONVERSION = YES;
				CLANG_WARN_OBJC_ROOT_CLASS = YES_ERROR;
				CLANG_WARN_QUOTED_INCLUDE_IN_FRAMEWORK_HEADER = YES;
				CLANG_WARN_RANGE_LOOP_ANALYSIS = YES;
				CLANG_WARN_STRICT_PROTOTYPES = YES;
				CLANG_WARN_SUSPICIOUS_MOVE = YES;
				CLANG_WARN_UNGUARDED_AVAILABILITY = YES_AGGRESSIVE;
				CLANG_WARN_UNREACHABLE_CODE = YES;
				CLANG_WARN__DUPLICATE_METHOD_MATCH = YES;
				CODE_SIGN_IDENTITY = "-";
				COPY_PHASE_STRIP = NO;
				CURRENT_PROJECT_VERSION = 1;
				DEBUG_INFORMATION_FORMAT = "dwarf-with-dsym";
				DEVELOPMENT_LANGUAGE = en;
				ENABLE_HARDENED_RUNTIME = YES;
				ENABLE_NS_ASSERTIONS = NO;
				ENABLE_STRICT_OBJC_MSGSEND = YES;
				GCC_C_LANGUAGE_STANDARD = gnu11;
				GCC_NO_COMMON_BLOCKS = YES;
				GCC_WARN_64_TO_32_BIT_CONVERSION = YES;
				GCC_WARN_ABOUT_RETURN_TYPE = YES_ERROR;
				GCC_WARN_UNDECLARED_SELECTOR = YES;
				GCC_WARN_UNINITIALIZED_AUTOS = YES_AGGRESSIVE;
				GCC_WARN_UNUSED_FUNCTION = YES;
				GCC_WARN_UNUSED_VARIABLE = YES;
				MACOSX_DEPLOYMENT_TARGET = 14.0;
				MARKETING_VERSION = 1.0;
				MTL_ENABLE_DEBUG_INFO = NO;
				MTL_FAST_MATH = YES;
				PRODUCT_NAME = "$(TARGET_NAME)";
				SDKROOT = macosx;
				SWIFT_COMPILATION_MODE = wholemodule;
				SWIFT_OPTIMIZATION_LEVEL = "-O";
				SWIFT_VERSION = 5.0;
			};
			name = Release;
		};
		4125802B0AFF1C5655B99757 /* Debug */ = {
			isa = XCBuildConfiguration;
			buildSettings = {
				ASSETCATALOG_COMPILER_APPICON_NAME = AppIcon;
				COMBINE_HIDPI_IMAGES = YES;
				ENABLE_USER_SCRIPT_SANDBOXING = NO;
				GENERATE_INFOPLIST_FILE = YES;
				INFOPLIST_FILE = Sources/Info.plist;
				INFOPLIST_KEY_CFBundleDisplayName = Pacer;
				INFOPLIST_KEY_LSApplicationCategoryType = "public.app-category.business";
				INFOPLIST_KEY_NSHumanReadableCopyright = "© 2026 moerdowo";
				LD_RUNPATH_SEARCH_PATHS = (
					"$(inherited)",
					"@executable_path/../Frameworks",
				);
				PRODUCT_BUNDLE_IDENTIFIER = com.moerdowo.Pacer;
				PRODUCT_NAME = Pacer;
				SDKROOT = macosx;
			};
			name = Debug;
		};
		96405509B361D86E717745E8 /* Release */ = {
			isa = XCBuildConfiguration;
			buildSettings = {
				ASSETCATALOG_COMPILER_APPICON_NAME = AppIcon;
				COMBINE_HIDPI_IMAGES = YES;
				ENABLE_USER_SCRIPT_SANDBOXING = NO;
				GENERATE_INFOPLIST_FILE = YES;
				INFOPLIST_FILE = Sources/Info.plist;
				INFOPLIST_KEY_CFBundleDisplayName = Pacer;
				INFOPLIST_KEY_LSApplicationCategoryType = "public.app-category.business";
				INFOPLIST_KEY_NSHumanReadableCopyright = "© 2026 moerdowo";
				LD_RUNPATH_SEARCH_PATHS = (
					"$(inherited)",
					"@executable_path/../Frameworks",
				);
				PRODUCT_BUNDLE_IDENTIFIER = com.moerdowo.Pacer;
				PRODUCT_NAME = Pacer;
				SDKROOT = macosx;
			};
			name = Release;
		};
		9C1A1FE190A96D533994F74A /* Debug */ = {
			isa = XCBuildConfiguration;
			buildSettings = {
				ALWAYS_SEARCH_USER_PATHS = NO;
				CLANG_ANALYZER_NONNULL = YES;
				CLANG_ANALYZER_NUMBER_OBJECT_CONVERSION = YES_AGGRESSIVE;
				CLANG_CXX_LANGUAGE_STANDARD = "gnu++14";
				CLANG_CXX_LIBRARY = "libc++";
				CLANG_ENABLE_MODULES = YES;
				CLANG_ENABLE_OBJC_ARC = YES;
				CLANG_ENABLE_OBJC_WEAK = YES;
				CLANG_WARN_BLOCK_CAPTURE_AUTORELEASING = YES;
				CLANG_WARN_BOOL_CONVERSION = YES;
				CLANG_WARN_COMMA = YES;
				CLANG_WARN_CONSTANT_CONVERSION = YES;
				CLANG_WARN_DEPRECATED_OBJC_IMPLEMENTATIONS = YES;
				CLANG_WARN_DIRECT_OBJC_ISA_USAGE = YES_ERROR;
				CLANG_WARN_DOCUMENTATION_COMMENTS = YES;
				CLANG_WARN_EMPTY_BODY = YES;
				CLANG_WARN_ENUM_CONVERSION = YES;
				CLANG_WARN_INFINITE_RECURSION = YES;
				CLANG_WARN_INT_CONVERSION = YES;
				CLANG_WARN_NON_LITERAL_NULL_CONVERSION = YES;
				CLANG_WARN_OBJC_IMPLICIT_RETAIN_SELF = YES;
				CLANG_WARN_OBJC_LITERAL_CONVERSION = YES;
				CLANG_WARN_OBJC_ROOT_CLASS = YES_ERROR;
				CLANG_WARN_QUOTED_INCLUDE_IN_FRAMEWORK_HEADER = YES;
				CLANG_WARN_RANGE_LOOP_ANALYSIS = YES;
				CLANG_WARN_STRICT_PROTOTYPES = YES;
				CLANG_WARN_SUSPICIOUS_MOVE = YES;
				CLANG_WARN_UNGUARDED_AVAILABILITY = YES_AGGRESSIVE;
				CLANG_WARN_UNREACHABLE_CODE = YES;
				CLANG_WARN__DUPLICATE_METHOD_MATCH = YES;
				CODE_SIGN_IDENTITY = "-";
				COPY_PHASE_STRIP = NO;
				CURRENT_PROJECT_VERSION = 1;
				DEBUG_INFORMATION_FORMAT = dwarf;
				DEVELOPMENT_LANGUAGE = en;
				ENABLE_HARDENED_RUNTIME = YES;
				ENABLE_STRICT_OBJC_MSGSEND = YES;
				ENABLE_TESTABILITY = YES;
				GCC_C_LANGUAGE_STANDARD = gnu11;
				GCC_DYNAMIC_NO_PIC = NO;
				GCC_NO_COMMON_BLOCKS = YES;
				GCC_OPTIMIZATION_LEVEL = 0;
				GCC_PREPROCESSOR_DEFINITIONS = (
					"$(inherited)",
					"DEBUG=1",
				);
				GCC_WARN_64_TO_32_BIT_CONVERSION = YES;
				GCC_WARN_ABOUT_RETURN_TYPE = YES_ERROR;
				GCC_WARN_UNDECLARED_SELECTOR = YES;
				GCC_WARN_UNINITIALIZED_AUTOS = YES_AGGRESSIVE;
				GCC_WARN_UNUSED_FUNCTION = YES;
				GCC_WARN_UNUSED_VARIABLE = YES;
				MACOSX_DEPLOYMENT_TARGET = 14.0;
				MARKETING_VERSION = 1.0;
				MTL_ENABLE_DEBUG_INFO = INCLUDE_SOURCE;
				MTL_FAST_MATH = YES;
				ONLY_ACTIVE_ARCH = YES;
				PRODUCT_NAME = "$(TARGET_NAME)";
				SDKROOT = macosx;
				SWIFT_ACTIVE_COMPILATION_CONDITIONS = DEBUG;
				SWIFT_OPTIMIZATION_LEVEL = "-Onone";
				SWIFT_VERSION = 5.0;
			};
			name = Debug;
		};
/* End XCBuildConfiguration section */

/* Begin XCConfigurationList section */
		6BAE7DFA1532C6A3B4C43F70 /* Build configuration list for PBXNativeTarget "Pacer" */ = {
			isa = XCConfigurationList;
			buildConfigurations = (
				4125802B0AFF1C5655B99757 /* Debug */,
				96405509B361D86E717745E8 /* Release */,
			);
			defaultConfigurationIsVisible = 0;
			defaultConfigurationName = Debug;
		};
		C45C674E93CF23805FE6AB10 /* Build configuration list for PBXProject "Pacer" */ = {
			isa = XCConfigurationList;
			buildConfigurations = (
				9C1A1FE190A96D533994F74A /* Debug */,
				05067CE45051D19D02D3BCBF /* Release */,
			);
			defaultConfigurationIsVisible = 0;
			defaultConfigurationName = Debug;
		};
/* End XCConfigurationList section */
	};
	rootObject = C211CC62D2393FF89492D409 /* Project object */;
}
